
Microsoft Visual Studio Solution File, Format Version 12.00
# Visual Studio Version 17
VisualStudioVersion = 17.8.34511.84
MinimumVisualStudioVersion = 10.0.40219.1
Project("{2150E333-8FDC-42A3-9474-1A3956D46DE8}") = "Solution Items", "Solution Items", "{CB15D54B-C3B1-4D63-BD2D-2ABBC79156C1}"
	ProjectSection(SolutionItems) = preProject
		.editorconfig = .editorconfig
		Plugin.WindowAutomation.dll.nuspec = Plugin.WindowAutomation.dll.nuspec
		README.md = README.md
	EndProjectSection
EndProject
Project("{2150E333-8FDC-42A3-9474-1A3956D46DE8}") = "Workflow", "Workflow", "{F0B39B3C-A608-48A4-B0B2-B5945412AD9C}"
	ProjectSection(SolutionItems) = preProject
		.github\dependabot.yml = .github\dependabot.yml
		.github\workflows\release.yml = .github\workflows\release.yml
		.github\workflows\test.yml = .github\workflows\test.yml
	EndProjectSection
EndProject
Project("{FAE04EC0-301F-11D3-BF4B-00C04F79EFBC}") = "Plugin.WindowAutomation35", "Plugin.WindowAutomation\Plugin.WindowAutomation35.csproj", "{E8D66370-032D-453A-8BBD-7DBEA49FEB54}"
EndProject
Global
	GlobalSection(SolutionConfigurationPlatforms) = preSolution
		Debug|Any CPU = Debug|Any CPU
		Release|Any CPU = Release|Any CPU
	EndGlobalSection
	GlobalSection(ProjectConfigurationPlatforms) = postSolution
		{E8D66370-032D-453A-8BBD-7DBEA49FEB54}.Debug|Any CPU.ActiveCfg = Debug|Any CPU
		{E8D66370-032D-453A-8BBD-7DBEA49FEB54}.Debug|Any CPU.Build.0 = Debug|Any CPU
		{E8D66370-032D-453A-8BBD-7DBEA49FEB54}.Release|Any CPU.ActiveCfg = Release|Any CPU
		{E8D66370-032D-453A-8BBD-7DBEA49FEB54}.Release|Any CPU.Build.0 = Release|Any CPU
	EndGlobalSection
	GlobalSection(SolutionProperties) = preSolution
		HideSolutionNode = FALSE
	EndGlobalSection
	GlobalSection(NestedProjects) = preSolution
		{F0B39B3C-A608-48A4-B0B2-B5945412AD9C} = {CB15D54B-C3B1-4D63-BD2D-2ABBC79156C1}
	EndGlobalSection
	GlobalSection(ExtensibilityGlobals) = postSolution
		SolutionGuid = {F7F7DD27-7E59-4D64-8C76-7D766D9585AA}
	EndGlobalSection
EndGlobal
